
Microsoft Visual Studio Solution File, Format Version 12.00
# Visual Studio Version 16
VisualStudioVersion = 16.0.36422.26
MinimumVisualStudioVersion = 10.0.40219.1
Project("{F184B08F-C81C-45F6-A57F-5ABD9991F28F}") = "Latihan-03", "Latihan-03.vbproj", "{55807AC6-6E95-40A3-AB6C-081F6CA4E590}"
EndProject
Global
	GlobalSection(SolutionConfigurationPlatforms) = preSolution
		Debug|Any CPU = Debug|Any CPU
		Release|Any CPU = Release|Any CPU
	EndGlobalSection
	GlobalSection(ProjectConfigurationPlatforms) = postSolution
		{55807AC6-6E95-40A3-AB6C-081F6CA4E590}.Debug|Any CPU.ActiveCfg = Debug|Any CPU
		{55807AC6-6E95-40A3-AB6C-081F6CA4E590}.Debug|Any CPU.Build.0 = Debug|Any CPU
		{55807AC6-6E95-40A3-AB6C-081F6CA4E590}.Release|Any CPU.ActiveCfg = Release|Any CPU
		{55807AC6-6E95-40A3-AB6C-081F6CA4E590}.Release|Any CPU.Build.0 = Release|Any CPU
	EndGlobalSection
	GlobalSection(SolutionProperties) = preSolution
		HideSolutionNode = FALSE
	EndGlobalSection
	GlobalSection(ExtensibilityGlobals) = postSolution
		SolutionGuid = {90EBB073-87E1-4FF3-AF08-373C51FFE562}
	EndGlobalSection
EndGlobal
